{
  "lockfileVersion": 1,
  "configVersion": 1,
  "workspaces": {
    "": {
      "name": "independent-napplet-acceptance",
      "dependencies": {
        "@kehto/paja": "0.16.4",
        "@napplet/core": "0.32.0",
        "@napplet/nap": "0.32.0",
        "nostr-tools": "2.25.2",
      },
    },
  },
  "packages": {
    "@kehto/acl": ["@kehto/acl@0.19.0", "", { "peerDependencies": { "@napplet/core": ">=0.32.0 <0.33.0", "@napplet/nap": ">=0.32.0 <0.33.0" } }, "sha512-A2wxhWOLWbN3wiCofFs+WKZ5NcHXgbJvXucwJK51Z03Qh705JQ0T/cW1FYVYrJZTEvMyVN0QEGfybOwMLln/Kw=="],

    "@kehto/firewall": ["@kehto/firewall@0.6.0", "", { "peerDependencies": { "@napplet/core": ">=0.32.0 <0.33.0" } }, "sha512-KRWlh2NJrT/7L1LbXnL6IY+ASgrqivuoOwBn892xDuVHoOfBZrafH7bWxcwsLahDxu4iQmXRhEa/ToiaMDhyaQ=="],

    "@kehto/nip": ["@kehto/nip@0.5.2", "", { "dependencies": { "@noble/hashes": "^2.0.0" }, "peerDependencies": { "nostr-tools": ">=2.23.3 <=2.x" } }, "sha512-WbhB7iKp1zYeprfUBM8CIUWwfgnotC6shrDdz1ihY5PVHr++Ch84T03WmqZwHsaDb5ci/I+FoMCdfQ00jr5Wgg=="],

    "@kehto/paja": ["@kehto/paja@0.16.4", "", { "dependencies": { "@kehto/acl": "^0.19.0", "@kehto/firewall": "^0.6.0", "@kehto/nip": "^0.5.2", "@kehto/runtime": "^0.24.0", "@kehto/services": "^0.21.2", "@kehto/shell": "^0.21.2", "@kehto/wm": "^0.0.2" }, "peerDependencies": { "@napplet/core": ">=0.32.0 <0.33.0", "@napplet/nap": ">=0.32.0 <0.33.0", "nostr-tools": ">=2.23.3 <=2.x" } }, "sha512-+vTeO7Xvoy7v2BiWbXnAecGmfyIobF/wghdQxT1txwNNI2DCviY6M3V16lBqqbnU1npLKCJ17qnRp1rMTHeR7A=="],

    "@kehto/runtime": ["@kehto/runtime@0.24.0", "", { "dependencies": { "@kehto/acl": "^0.19.0", "@kehto/firewall": "^0.6.0", "@noble/curves": "^2.0.0", "@noble/hashes": "^2.0.0" }, "peerDependencies": { "@napplet/core": ">=0.32.0 <0.33.0", "@napplet/nap": ">=0.32.0 <0.33.0" } }, "sha512-uWjopIDhFTbduBZ1iPmm6dKZyV/4nySb52ODBeqeWo9ErVIbYt0v3j/RGgeYvGNRJbCxqqN/Rllpec1FWFgoqA=="],

    "@kehto/services": ["@kehto/services@0.21.2", "", { "dependencies": { "@kehto/runtime": "^0.24.0" }, "peerDependencies": { "@napplet/core": ">=0.32.0 <0.33.0", "@napplet/nap": ">=0.32.0 <0.33.0", "nostr-tools": ">=2.23.3 <=2.x" }, "optionalPeers": ["nostr-tools"] }, "sha512-DCscgGhFMR4MeqvVzewI0vLFO5yfRditpe83yzCKchBKD8CpM80knxNNDYNAq3H90yAodO9rsz/GLTSqDniVEw=="],

    "@kehto/shell": ["@kehto/shell@0.21.2", "", { "dependencies": { "@kehto/acl": "^0.19.0", "@kehto/runtime": "^0.24.0" }, "peerDependencies": { "@napplet/core": ">=0.32.0 <0.33.0", "@napplet/nap": ">=0.32.0 <0.33.0", "nostr-tools": ">=2.23.3 <=2.x" } }, "sha512-BokbaQOnpdtR6tqxEaA3GWKmL1qBNULtFcq8/UkqlDsXpzcYEJQqCWErldcM6uTw5u0EWMRbij1bnP7lzN5M1w=="],

    "@kehto/wm": ["@kehto/wm@0.0.2", "", {}, "sha512-8cjneY8paT9jcBRE/XX1oEA0pWtojkO9BESQ7UMTL9gIc+2zClXGLmY0HwdHMHMeZ3+c1sIcxsF08IHVwI3pDQ=="],

    "@napplet/core": ["@napplet/core@0.32.0", "", {}, "sha512-gP+U7xd32gD7uFYINK+NWDJfW2TMvhLcIPr+Boafta7tZWTRIlyzozvqsooyFg7XUapCOnGKqnjIUa0DFo6Brw=="],

    "@napplet/nap": ["@napplet/nap@0.32.0", "", { "dependencies": { "@napplet/core": "^0.32.0" }, "peerDependencies": { "json-schema-to-ts": "^3.1.1" }, "optionalPeers": ["json-schema-to-ts"] }, "sha512-DvlneleMpcUtOZmLGRGj9QSCor67veL4gWOYGTWaXPDkBEaEuiU4Ijtreb3+kVky/4ghjL3qmScOFMW6WorWQw=="],

    "@noble/ciphers": ["@noble/ciphers@2.1.1", "", {}, "sha512-bysYuiVfhxNJuldNXlFEitTVdNnYUc+XNJZd7Qm2a5j1vZHgY+fazadNFWFaMK/2vye0JVlxV3gHmC0WDfAOQw=="],

    "@noble/curves": ["@noble/curves@2.0.1", "", { "dependencies": { "@noble/hashes": "2.0.1" } }, "sha512-vs1Az2OOTBiP4q0pwjW5aF0xp9n4MxVrmkFBxc6EKZc6ddYx5gaZiAsZoq0uRRXWbi3AT/sBqn05eRPtn1JCPw=="],

    "@noble/hashes": ["@noble/hashes@2.0.1", "", {}, "sha512-XlOlEbQcE9fmuXxrVTXCTlG2nlRXa9Rj3rr5Ue/+tX+nmkgbX720YHh0VR3hBF9xDvwnb8D2shVGOwNx+ulArw=="],

    "@scure/base": ["@scure/base@2.0.0", "", {}, "sha512-3E1kpuZginKkek01ovG8krQ0Z44E3DHPjc5S2rjJw9lZn3KSQOs8S7wqikF/AH7iRanHypj85uGyxk0XAyC37w=="],

    "@scure/bip32": ["@scure/bip32@2.0.1", "", { "dependencies": { "@noble/curves": "2.0.1", "@noble/hashes": "2.0.1", "@scure/base": "2.0.0" } }, "sha512-4Md1NI5BzoVP+bhyJaY3K6yMesEFzNS1sE/cP+9nuvE7p/b0kx9XbpDHHFl8dHtufcbdHRUUQdRqLIPHN/s7yA=="],

    "@scure/bip39": ["@scure/bip39@2.0.1", "", { "dependencies": { "@noble/hashes": "2.0.1", "@scure/base": "2.0.0" } }, "sha512-PsxdFj/d2AcJcZDX1FXN3dDgitDDTmwf78rKZq1a6c1P1Nan1X/Sxc7667zU3U+AN60g7SxxP0YCVw2H/hBycg=="],

    "nostr-tools": ["nostr-tools@2.25.2", "", { "dependencies": { "@noble/ciphers": "2.1.1", "@noble/curves": "2.0.1", "@noble/hashes": "2.0.1", "@scure/base": "2.0.0", "@scure/bip32": "2.0.1", "@scure/bip39": "2.0.1", "nostr-wasm": "0.1.0" }, "peerDependencies": { "typescript": ">=5.0.0" }, "optionalPeers": ["typescript"] }, "sha512-7JAx+brEPmqGz1yzaK9MOxvis/Nl1B38j9hVsBSRDMRmxk5XSc0+5LlPEYbzeiUyk41RURBDcfuMzmaT754HAg=="],

    "nostr-wasm": ["nostr-wasm@0.1.0", "", {}, "sha512-78BTryCLcLYv96ONU8Ws3Q1JzjlAt+43pWQhIl86xZmWeegYCNLPml7yQ+gG3vR6V5h4XGj+TxO+SS5dsThQIA=="],
  }
}
